
Microsoft Visual Studio Solution File, Format Version 12.00
# Visual Studio 15
VisualStudioVersion = 15.0.27130.2027
MinimumVisualStudioVersion = 10.0.40219.1
Project("{9A19103F-16F7-4668-BE54-9A1E7A4F7556}") = "ASP.NetCoreTwitterOAuth", "ASP.NetCoreTwitterOAuth\ASP.NetCoreTwitterOAuth.csproj", "{FB4B4685-666B-4FC0-91D2-4C53F355C13D}"
EndProject
Global
	GlobalSection(SolutionConfigurationPlatforms) = preSolution
		Debug|Any CPU = Debug|Any CPU
		Release|Any CPU = Release|Any CPU
	EndGlobalSection
	GlobalSection(ProjectConfigurationPlatforms) = postSolution
		{FB4B4685-666B-4FC0-91D2-4C53F355C13D}.Debug|Any CPU.ActiveCfg = Debug|Any CPU
		{FB4B4685-666B-4FC0-91D2-4C53F355C13D}.Debug|Any CPU.Build.0 = Debug|Any CPU
		{FB4B4685-666B-4FC0-91D2-4C53F355C13D}.Release|Any CPU.ActiveCfg = Release|Any CPU
		{FB4B4685-666B-4FC0-91D2-4C53F355C13D}.Release|Any CPU.Build.0 = Release|Any CPU
	EndGlobalSection
	GlobalSection(SolutionProperties) = preSolution
		HideSolutionNode = FALSE
	EndGlobalSection
	GlobalSection(ExtensibilityGlobals) = postSolution
		SolutionGuid = {5EA128A8-81AE-4E25-B38E-68CD8338C859}
	EndGlobalSection
EndGlobal
